
Microsoft Visual Studio Solution File, Format Version 12.00
# Visual Studio Version 17
VisualStudioVersion = 17.9.34723.18
MinimumVisualStudioVersion = 10.0.40219.1
Project("{FAE04EC0-301F-11D3-BF4B-00C04F79EFBC}") = "01_MainSubjects", "01_MainSubjects\01_MainSubjects.csproj", "{4B331C18-F08E-471F-BBBF-EBAB0455396E}"
EndProject
Project("{FAE04EC0-301F-11D3-BF4B-00C04F79EFBC}") = "02_Variables", "02_Variables,\02_Variables.csproj", "{9D84846D-14EF-41B4-9618-DEEFAF47D4C4}"
EndProject
Project("{FAE04EC0-301F-11D3-BF4B-00C04F79EFBC}") = "03_MakingDecision", "03_MakingDecision\03_MakingDecision.csproj", "{77871ACE-198B-4558-8E9D-5AA3943169E9}"
EndProject
Project("{FAE04EC0-301F-11D3-BF4B-00C04F79EFBC}") = "04_Loops", "04_Loops\04_Loops.csproj", "{A700B1EE-5EF2-41F3-B18D-767D6A1E7B3F}"
EndProject
Project("{FAE04EC0-301F-11D3-BF4B-00C04F79EFBC}") = "05_LoopsWithStars", "05_LoopsWithStars\05_LoopsWithStars.csproj", "{A1E2EECE-42EC-4B36-9C85-75FB6CEB52FC}"
EndProject
Project("{FAE04EC0-301F-11D3-BF4B-00C04F79EFBC}") = "06_Arrays", "06_Arrays\06_Arrays.csproj", "{F81ACA72-D9F8-4C6F-9B87-EEA4EC3AA446}"
EndProject
Global
	GlobalSection(SolutionConfigurationPlatforms) = preSolution
		Debug|Any CPU = Debug|Any CPU
		Release|Any CPU = Release|Any CPU
	EndGlobalSection
	GlobalSection(ProjectConfigurationPlatforms) = postSolution
		{4B331C18-F08E-471F-BBBF-EBAB0455396E}.Debug|Any CPU.ActiveCfg = Debug|Any CPU
		{4B331C18-F08E-471F-BBBF-EBAB0455396E}.Debug|Any CPU.Build.0 = Debug|Any CPU
		{4B331C18-F08E-471F-BBBF-EBAB0455396E}.Release|Any CPU.ActiveCfg = Release|Any CPU
		{4B331C18-F08E-471F-BBBF-EBAB0455396E}.Release|Any CPU.Build.0 = Release|Any CPU
		{9D84846D-14EF-41B4-9618-DEEFAF47D4C4}.Debug|Any CPU.ActiveCfg = Debug|Any CPU
		{9D84846D-14EF-41B4-9618-DEEFAF47D4C4}.Debug|Any CPU.Build.0 = Debug|Any CPU
		{9D84846D-14EF-41B4-9618-DEEFAF47D4C4}.Release|Any CPU.ActiveCfg = Release|Any CPU
		{9D84846D-14EF-41B4-9618-DEEFAF47D4C4}.Release|Any CPU.Build.0 = Release|Any CPU
		{77871ACE-198B-4558-8E9D-5AA3943169E9}.Debug|Any CPU.ActiveCfg = Debug|Any CPU
		{77871ACE-198B-4558-8E9D-5AA3943169E9}.Debug|Any CPU.Build.0 = Debug|Any CPU
		{77871ACE-198B-4558-8E9D-5AA3943169E9}.Release|Any CPU.ActiveCfg = Release|Any CPU
		{77871ACE-198B-4558-8E9D-5AA3943169E9}.Release|Any CPU.Build.0 = Release|Any CPU
		{A700B1EE-5EF2-41F3-B18D-767D6A1E7B3F}.Debug|Any CPU.ActiveCfg = Debug|Any CPU
		{A700B1EE-5EF2-41F3-B18D-767D6A1E7B3F}.Debug|Any CPU.Build.0 = Debug|Any CPU
		{A700B1EE-5EF2-41F3-B18D-767D6A1E7B3F}.Release|Any CPU.ActiveCfg = Release|Any CPU
		{A700B1EE-5EF2-41F3-B18D-767D6A1E7B3F}.Release|Any CPU.Build.0 = Release|Any CPU
		{A1E2EECE-42EC-4B36-9C85-75FB6CEB52FC}.Debug|Any CPU.ActiveCfg = Debug|Any CPU
		{A1E2EECE-42EC-4B36-9C85-75FB6CEB52FC}.Debug|Any CPU.Build.0 = Debug|Any CPU
		{A1E2EECE-42EC-4B36-9C85-75FB6CEB52FC}.Release|Any CPU.ActiveCfg = Release|Any CPU
		{A1E2EECE-42EC-4B36-9C85-75FB6CEB52FC}.Release|Any CPU.Build.0 = Release|Any CPU
		{F81ACA72-D9F8-4C6F-9B87-EEA4EC3AA446}.Debug|Any CPU.ActiveCfg = Debug|Any CPU
		{F81ACA72-D9F8-4C6F-9B87-EEA4EC3AA446}.Debug|Any CPU.Build.0 = Debug|Any CPU
		{F81ACA72-D9F8-4C6F-9B87-EEA4EC3AA446}.Release|Any CPU.ActiveCfg = Release|Any CPU
		{F81ACA72-D9F8-4C6F-9B87-EEA4EC3AA446}.Release|Any CPU.Build.0 = Release|Any CPU
	EndGlobalSection
	GlobalSection(SolutionProperties) = preSolution
		HideSolutionNode = FALSE
	EndGlobalSection
	GlobalSection(ExtensibilityGlobals) = postSolution
		SolutionGuid = {48B91416-B0A9-4115-A7A8-07531CE7195C}
	EndGlobalSection
EndGlobal
